
Microsoft Visual Studio Solution File, Format Version 12.00
# Visual Studio 2012
Project("{FAE04EC0-301F-11D3-BF4B-00C04F79EFBC}") = "Reader", "Reader\Reader.csproj", "{16336581-0781-471C-8093-25CEDDAFB624}"
EndProject
Project("{FAE04EC0-301F-11D3-BF4B-00C04F79EFBC}") = "ConsoleApplication1", "ConsoleApplication1\ConsoleApplication1.csproj", "{540E3A90-32A3-4236-BE72-333B93F99808}"
EndProject
Global
	GlobalSection(SolutionConfigurationPlatforms) = preSolution
		Debug|Any CPU = Debug|Any CPU
		Release|Any CPU = Release|Any CPU
	EndGlobalSection
	GlobalSection(ProjectConfigurationPlatforms) = postSolution
		{16336581-0781-471C-8093-25CEDDAFB624}.Debug|Any CPU.ActiveCfg = Debug|Any CPU
		{16336581-0781-471C-8093-25CEDDAFB624}.Debug|Any CPU.Build.0 = Debug|Any CPU
		{16336581-0781-471C-8093-25CEDDAFB624}.Release|Any CPU.ActiveCfg = Release|Any CPU
		{16336581-0781-471C-8093-25CEDDAFB624}.Release|Any CPU.Build.0 = Release|Any CPU
		{540E3A90-32A3-4236-BE72-333B93F99808}.Debug|Any CPU.ActiveCfg = Debug|Any CPU
		{540E3A90-32A3-4236-BE72-333B93F99808}.Debug|Any CPU.Build.0 = Debug|Any CPU
		{540E3A90-32A3-4236-BE72-333B93F99808}.Release|Any CPU.ActiveCfg = Release|Any CPU
		{540E3A90-32A3-4236-BE72-333B93F99808}.Release|Any CPU.Build.0 = Release|Any CPU
	EndGlobalSection
	GlobalSection(SolutionProperties) = preSolution
		HideSolutionNode = FALSE
	EndGlobalSection
EndGlobal
